// !$*UTF8*$!
{
	archiveVersion = 1;
	classes = {
	};
	objectVersion = 56;
	objects = {

/* Begin PBXBuildFile section */
		1703BFBB292C219E00A9A24D /* ANANReporter.m in Sources */ = {isa = PBXBuildFile; fileRef = 1703BFBA292C219E00A9A24D /* ANANReporter.m */; };
		1703C005292C223500A9A24D /* Cocoa.framework in Frameworks */ = {isa = PBXBuildFile; fileRef = 1703C004292C223500A9A24D /* Cocoa.framework */; };
		1703C007292C223900A9A24D /* GlyphsCore.framework in Frameworks */ = {isa = PBXBuildFile; fileRef = 1703C006292C223900A9A24D /* GlyphsCore.framework */; };
		17A3F507292E677600AAE523 /* Assets.xcassets in Resources */ = {isa = PBXBuildFile; fileRef = 17A3F506292E677600AAE523 /* Assets.xcassets */; };
		17A3F50A292E755700AAE523 /* Colors.strings in Resources */ = {isa = PBXBuildFile; fileRef = 17A3F50C292E755700AAE523 /* Colors.strings */; };
		17B10AC9292D593D00D9ED16 /* Reporter.strings in Resources */ = {isa = PBXBuildFile; fileRef = 17B10ACB292D593D00D9ED16 /* Reporter.strings */; };
		17BE8DE1292C3F7500BDC95C /* ANANSettings.m in Sources */ = {isa = PBXBuildFile; fileRef = 17BE8DDF292C3F7500BDC95C /* ANANSettings.m */; };
		17BE8DE5292C553600BDC95C /* ANANAbbreviation.m in Sources */ = {isa = PBXBuildFile; fileRef = 17BE8DE4292C553600BDC95C /* ANANAbbreviation.m */; };
		17BE8DE8292C559D00BDC95C /* ANANNameColor.m in Sources */ = {isa = PBXBuildFile; fileRef = 17BE8DE7292C559D00BDC95C /* ANANNameColor.m */; };
		17BE8DEB292C6D5700BDC95C /* ANANPopupTableCellView.m in Sources */ = {isa = PBXBuildFile; fileRef = 17BE8DEA292C6D5700BDC95C /* ANANPopupTableCellView.m */; };
		17BE8E33292D497B00BDC95C /* ANANSettings.xib in Resources */ = {isa = PBXBuildFile; fileRef = 17BE8E35292D497B00BDC95C /* ANANSettings.xib */; };
		17BE8E3A292D49ED00BDC95C /* Localizable.strings in Resources */ = {isa = PBXBuildFile; fileRef = 17BE8E3C292D49ED00BDC95C /* Localizable.strings */; };
/* End PBXBuildFile section */

/* Begin PBXFileReference section */
		1703BFB2292C20DB00A9A24D /* Anchor Annotations.glyphsReporter */ = {isa = PBXFileReference; explicitFileType = wrapper.cfbundle; includeInIndex = 0; path = "Anchor Annotations.glyphsReporter"; sourceTree = BUILT_PRODUCTS_DIR; };
		1703BFB9292C219E00A9A24D /* ANANReporter.h */ = {isa = PBXFileReference; lastKnownFileType = sourcecode.c.h; name = ANANReporter.h; path = "Anchor Annotations/ANANReporter.h"; sourceTree = "<group>"; };
		1703BFBA292C219E00A9A24D /* ANANReporter.m */ = {isa = PBXFileReference; lastKnownFileType = sourcecode.c.objc; name = ANANReporter.m; path = "Anchor Annotations/ANANReporter.m"; sourceTree = "<group>"; };
		1703C004292C223500A9A24D /* Cocoa.framework */ = {isa = PBXFileReference; lastKnownFileType = wrapper.framework; name = Cocoa.framework; path = System/Library/Frameworks/Cocoa.framework; sourceTree = SDKROOT; };
		1703C006292C223900A9A24D /* GlyphsCore.framework */ = {isa = PBXFileReference; explicitFileType = wrapper.framework; path = GlyphsCore.framework; sourceTree = BUILT_PRODUCTS_DIR; };
		17A3F506292E677600AAE523 /* Assets.xcassets */ = {isa = PBXFileReference; lastKnownFileType = folder.assetcatalog; path = Assets.xcassets; sourceTree = "<group>"; };
		17A3F50B292E755700AAE523 /* en */ = {isa = PBXFileReference; lastKnownFileType = text.plist.strings; name = en; path = en.lproj/Colors.strings; sourceTree = "<group>"; };
		17A3F50D292E755800AAE523 /* de */ = {isa = PBXFileReference; lastKnownFileType = text.plist.strings; name = de; path = de.lproj/Colors.strings; sourceTree = "<group>"; };
		17B10ACA292D593D00D9ED16 /* en */ = {isa = PBXFileReference; lastKnownFileType = text.plist.strings; name = en; path = en.lproj/Reporter.strings; sourceTree = "<group>"; };
		17B10ACC292D593E00D9ED16 /* de */ = {isa = PBXFileReference; lastKnownFileType = text.plist.strings; name = de; path = de.lproj/Reporter.strings; sourceTree = "<group>"; };
		17BE8DDE292C3F7500BDC95C /* ANANSettings.h */ = {isa = PBXFileReference; lastKnownFileType = sourcecode.c.h; name = ANANSettings.h; path = "Anchor Annotations/ANANSettings.h"; sourceTree = "<group>"; };
		17BE8DDF292C3F7500BDC95C /* ANANSettings.m */ = {isa = PBXFileReference; lastKnownFileType = sourcecode.c.objc; name = ANANSettings.m; path = "Anchor Annotations/ANANSettings.m"; sourceTree = "<group>"; };
		17BE8DE3292C553600BDC95C /* ANANAbbreviation.h */ = {isa = PBXFileReference; lastKnownFileType = sourcecode.c.h; name = ANANAbbreviation.h; path = "Anchor Annotations/ANANAbbreviation.h"; sourceTree = "<group>"; };
		17BE8DE4292C553600BDC95C /* ANANAbbreviation.m */ = {isa = PBXFileReference; lastKnownFileType = sourcecode.c.objc; name = ANANAbbreviation.m; path = "Anchor Annotations/ANANAbbreviation.m"; sourceTree = "<group>"; };
		17BE8DE6292C559D00BDC95C /* ANANNameColor.h */ = {isa = PBXFileReference; lastKnownFileType = sourcecode.c.h; name = ANANNameColor.h; path = "Anchor Annotations/ANANNameColor.h"; sourceTree = "<group>"; };
		17BE8DE7292C559D00BDC95C /* ANANNameColor.m */ = {isa = PBXFileReference; lastKnownFileType = sourcecode.c.objc; name = ANANNameColor.m; path = "Anchor Annotations/ANANNameColor.m"; sourceTree = "<group>"; };
		17BE8DE9292C6D5700BDC95C /* ANANPopupTableCellView.h */ = {isa = PBXFileReference; lastKnownFileType = sourcecode.c.h; name = ANANPopupTableCellView.h; path = "Anchor Annotations/ANANPopupTableCellView.h"; sourceTree = "<group>"; };
		17BE8DEA292C6D5700BDC95C /* ANANPopupTableCellView.m */ = {isa = PBXFileReference; lastKnownFileType = sourcecode.c.objc; name = ANANPopupTableCellView.m; path = "Anchor Annotations/ANANPopupTableCellView.m"; sourceTree = "<group>"; };
		17BE8E34292D497B00BDC95C /* Base */ = {isa = PBXFileReference; lastKnownFileType = file.xib; name = Base; path = Base.lproj/ANANSettings.xib; sourceTree = "<group>"; };
		17BE8E3B292D49ED00BDC95C /* en */ = {isa = PBXFileReference; lastKnownFileType = text.plist.strings; name = en; path = en.lproj/Localizable.strings; sourceTree = "<group>"; };
		17BE8E3D292D49EF00BDC95C /* de */ = {isa = PBXFileReference; lastKnownFileType = text.plist.strings; name = de; path = de.lproj/Localizable.strings; sourceTree = "<group>"; };
		17BE8E3F292D4D4D00BDC95C /* de */ = {isa = PBXFileReference; lastKnownFileType = text.plist.strings; name = de; path = de.lproj/ANANSettings.strings; sourceTree = "<group>"; };
/* End PBXFileReference section */

/* Begin PBXFrameworksBuildPhase section */
		1703BFAF292C20DB00A9A24D /* Frameworks */ = {
			isa = PBXFrameworksBuildPhase;
			buildActionMask = 2147483647;
			files = (
				1703C007292C223900A9A24D /* GlyphsCore.framework in Frameworks */,
				1703C005292C223500A9A24D /* Cocoa.framework in Frameworks */,
			);
			runOnlyForDeploymentPostprocessing = 0;
		};
/* End PBXFrameworksBuildPhase section */

/* Begin PBXGroup section */
		1703BFA9292C20DB00A9A24D = {
			isa = PBXGroup;
			children = (
				1703BFB9292C219E00A9A24D /* ANANReporter.h */,
				1703BFBA292C219E00A9A24D /* ANANReporter.m */,
				17BE8DDE292C3F7500BDC95C /* ANANSettings.h */,
				17BE8DDF292C3F7500BDC95C /* ANANSettings.m */,
				17BE8E35292D497B00BDC95C /* ANANSettings.xib */,
				17BE8DE3292C553600BDC95C /* ANANAbbreviation.h */,
				17BE8DE4292C553600BDC95C /* ANANAbbreviation.m */,
				17BE8DE6292C559D00BDC95C /* ANANNameColor.h */,
				17BE8DE7292C559D00BDC95C /* ANANNameColor.m */,
				17BE8DE9292C6D5700BDC95C /* ANANPopupTableCellView.h */,
				17BE8DEA292C6D5700BDC95C /* ANANPopupTableCellView.m */,
				17A3F506292E677600AAE523 /* Assets.xcassets */,
				17BE8E3C292D49ED00BDC95C /* Localizable.strings */,
				17B10ACB292D593D00D9ED16 /* Reporter.strings */,
				17A3F50C292E755700AAE523 /* Colors.strings */,
				1703BFB3292C20DB00A9A24D /* Products */,
				1703C003292C223500A9A24D /* Frameworks */,
			);
			sourceTree = "<group>";
		};
		1703BFB3292C20DB00A9A24D /* Products */ = {
			isa = PBXGroup;
			children = (
				1703BFB2292C20DB00A9A24D /* Anchor Annotations.glyphsReporter */,
			);
			name = Products;
			sourceTree = "<group>";
		};
		1703C003292C223500A9A24D /* Frameworks */ = {
			isa = PBXGroup;
			children = (
				1703C006292C223900A9A24D /* GlyphsCore.framework */,
				1703C004292C223500A9A24D /* Cocoa.framework */,
			);
			name = Frameworks;
			sourceTree = "<group>";
		};
/* End PBXGroup section */

/* Begin PBXNativeTarget section */
		1703BFB1292C20DB00A9A24D /* Anchor Annotations */ = {
			isa = PBXNativeTarget;
			buildConfigurationList = 1703BFB6292C20DB00A9A24D /* Build configuration list for PBXNativeTarget "Anchor Annotations" */;
			buildPhases = (
				1703BFAE292C20DB00A9A24D /* Sources */,
				1703BFAF292C20DB00A9A24D /* Frameworks */,
				1703BFB0292C20DB00A9A24D /* Resources */,
			);
			buildRules = (
			);
			dependencies = (
			);
			name = "Anchor Annotations";
			productName = "Anchor Annotations";
			productReference = 1703BFB2292C20DB00A9A24D /* Anchor Annotations.glyphsReporter */;
			productType = "com.apple.product-type.bundle";
		};
/* End PBXNativeTarget section */

/* Begin PBXProject section */
		1703BFAA292C20DB00A9A24D /* Project object */ = {
			isa = PBXProject;
			attributes = {
				BuildIndependentTargetsInParallel = 1;
				LastUpgradeCheck = 1400;
				TargetAttributes = {
					1703BFB1292C20DB00A9A24D = {
						CreatedOnToolsVersion = 14.0;
					};
				};
			};
			buildConfigurationList = 1703BFAD292C20DB00A9A24D /* Build configuration list for PBXProject "Anchor Annotations" */;
			compatibilityVersion = "Xcode 14.0";
			developmentRegion = en;
			hasScannedForEncodings = 0;
			knownRegions = (
				en,
				Base,
				ar,
				cs,
				de,
				fr,
				it,
				ja,
				ko,
				"pt-BR",
				ru,
				es,
				tr,
				"zh-Hans",
				"zh-Hant",
			);
			mainGroup = 1703BFA9292C20DB00A9A24D;
			productRefGroup = 1703BFB3292C20DB00A9A24D /* Products */;
			projectDirPath = "";
			projectRoot = "";
			targets = (
				1703BFB1292C20DB00A9A24D /* Anchor Annotations */,
			);
		};
/* End PBXProject section */

/* Begin PBXResourcesBuildPhase section */
		1703BFB0292C20DB00A9A24D /* Resources */ = {
			isa = PBXResourcesBuildPhase;
			buildActionMask = 2147483647;
			files = (
				17BE8E33292D497B00BDC95C /* ANANSettings.xib in Resources */,
				17BE8E3A292D49ED00BDC95C /* Localizable.strings in Resources */,
				17A3F507292E677600AAE523 /* Assets.xcassets in Resources */,
				17B10AC9292D593D00D9ED16 /* Reporter.strings in Resources */,
				17A3F50A292E755700AAE523 /* Colors.strings in Resources */,
			);
			runOnlyForDeploymentPostprocessing = 0;
		};
/* End PBXResourcesBuildPhase section */

/* Begin PBXSourcesBuildPhase section */
		1703BFAE292C20DB00A9A24D /* Sources */ = {
			isa = PBXSourcesBuildPhase;
			buildActionMask = 2147483647;
			files = (
				17BE8DE8292C559D00BDC95C /* ANANNameColor.m in Sources */,
				17BE8DE5292C553600BDC95C /* ANANAbbreviation.m in Sources */,
				17BE8DEB292C6D5700BDC95C /* ANANPopupTableCellView.m in Sources */,
				17BE8DE1292C3F7500BDC95C /* ANANSettings.m in Sources */,
				1703BFBB292C219E00A9A24D /* ANANReporter.m in Sources */,
			);
			runOnlyForDeploymentPostprocessing = 0;
		};
/* End PBXSourcesBuildPhase section */

/* Begin PBXVariantGroup section */
		17A3F50C292E755700AAE523 /* Colors.strings */ = {
			isa = PBXVariantGroup;
			children = (
				17A3F50B292E755700AAE523 /* en */,
				17A3F50D292E755800AAE523 /* de */,
			);
			name = Colors.strings;
			path = "Anchor Annotations";
			sourceTree = "<group>";
		};
		17B10ACB292D593D00D9ED16 /* Reporter.strings */ = {
			isa = PBXVariantGroup;
			children = (
				17B10ACA292D593D00D9ED16 /* en */,
				17B10ACC292D593E00D9ED16 /* de */,
			);
			name = Reporter.strings;
			path = "Anchor Annotations";
			sourceTree = "<group>";
		};
		17BE8E35292D497B00BDC95C /* ANANSettings.xib */ = {
			isa = PBXVariantGroup;
			children = (
				17BE8E34292D497B00BDC95C /* Base */,
				17BE8E3F292D4D4D00BDC95C /* de */,
			);
			name = ANANSettings.xib;
			path = "Anchor Annotations";
			sourceTree = "<group>";
		};
		17BE8E3C292D49ED00BDC95C /* Localizable.strings */ = {
			isa = PBXVariantGroup;
			children = (
				17BE8E3B292D49ED00BDC95C /* en */,
				17BE8E3D292D49EF00BDC95C /* de */,
			);
			name = Localizable.strings;
			path = "Anchor Annotations";
			sourceTree = "<group>";
		};
/* End PBXVariantGroup section */

/* Begin XCBuildConfiguration section */
		1703BFB4292C20DB00A9A24D /* Debug */ = {
			isa = XCBuildConfiguration;
			buildSettings = {
				ALWAYS_SEARCH_USER_PATHS = NO;
				CLANG_ANALYZER_NONNULL = YES;
				CLANG_ANALYZER_NUMBER_OBJECT_CONVERSION = YES_AGGRESSIVE;
				CLANG_CXX_LANGUAGE_STANDARD = "gnu++20";
				CLANG_ENABLE_MODULES = YES;
				CLANG_ENABLE_OBJC_ARC = YES;
				CLANG_ENABLE_OBJC_WEAK = YES;
				CLANG_WARN_BLOCK_CAPTURE_AUTORELEASING = YES;
				CLANG_WARN_BOOL_CONVERSION = YES;
				CLANG_WARN_COMMA = YES;
				CLANG_WARN_CONSTANT_CONVERSION = YES;
				CLANG_WARN_DEPRECATED_OBJC_IMPLEMENTATIONS = YES;
				CLANG_WARN_DIRECT_OBJC_ISA_USAGE = YES_ERROR;
				CLANG_WARN_DOCUMENTATION_COMMENTS = YES;
				CLANG_WARN_EMPTY_BODY = YES;
				CLANG_WARN_ENUM_CONVERSION = YES;
				CLANG_WARN_INFINITE_RECURSION = YES;
				CLANG_WARN_INT_CONVERSION = YES;
				CLANG_WARN_NON_LITERAL_NULL_CONVERSION = YES;
				CLANG_WARN_OBJC_IMPLICIT_RETAIN_SELF = YES;
				CLANG_WARN_OBJC_LITERAL_CONVERSION = YES;
				CLANG_WARN_OBJC_ROOT_CLASS = YES_ERROR;
				CLANG_WARN_QUOTED_INCLUDE_IN_FRAMEWORK_HEADER = YES;
				CLANG_WARN_RANGE_LOOP_ANALYSIS = YES;
				CLANG_WARN_STRICT_PROTOTYPES = YES;
				CLANG_WARN_SUSPICIOUS_MOVE = YES;
				CLANG_WARN_UNGUARDED_AVAILABILITY = YES_AGGRESSIVE;
				CLANG_WARN_UNREACHABLE_CODE = YES;
				CLANG_WARN__DUPLICATE_METHOD_MATCH = YES;
				COPY_PHASE_STRIP = NO;
				DEBUG_INFORMATION_FORMAT = dwarf;
				ENABLE_STRICT_OBJC_MSGSEND = YES;
				ENABLE_TESTABILITY = YES;
				GCC_C_LANGUAGE_STANDARD = gnu11;
				GCC_DYNAMIC_NO_PIC = NO;
				GCC_NO_COMMON_BLOCKS = YES;
				GCC_OPTIMIZATION_LEVEL = 0;
				GCC_PREPROCESSOR_DEFINITIONS = (
					"DEBUG=1",
					"$(inherited)",
				);
				GCC_WARN_64_TO_32_BIT_CONVERSION = YES;
				GCC_WARN_ABOUT_RETURN_TYPE = YES_ERROR;
				GCC_WARN_UNDECLARED_SELECTOR = YES;
				GCC_WARN_UNINITIALIZED_AUTOS = YES_AGGRESSIVE;
				GCC_WARN_UNUSED_FUNCTION = YES;
				GCC_WARN_UNUSED_VARIABLE = YES;
				MACOSX_DEPLOYMENT_TARGET = 12.3;
				MTL_ENABLE_DEBUG_INFO = INCLUDE_SOURCE;
				MTL_FAST_MATH = YES;
				ONLY_ACTIVE_ARCH = YES;
				SDKROOT = macosx;
			};
			name = Debug;
		};
		1703BFB5292C20DB00A9A24D /* Release */ = {
			isa = XCBuildConfiguration;
			buildSettings = {
				ALWAYS_SEARCH_USER_PATHS = NO;
				CLANG_ANALYZER_NONNULL = YES;
				CLANG_ANALYZER_NUMBER_OBJECT_CONVERSION = YES_AGGRESSIVE;
				CLANG_CXX_LANGUAGE_STANDARD = "gnu++20";
				CLANG_ENABLE_MODULES = YES;
				CLANG_ENABLE_OBJC_ARC = YES;
				CLANG_ENABLE_OBJC_WEAK = YES;
				CLANG_WARN_BLOCK_CAPTURE_AUTORELEASING = YES;
				CLANG_WARN_BOOL_CONVERSION = YES;
				CLANG_WARN_COMMA = YES;
				CLANG_WARN_CONSTANT_CONVERSION = YES;
				CLANG_WARN_DEPRECATED_OBJC_IMPLEMENTATIONS = YES;
				CLANG_WARN_DIRECT_OBJC_ISA_USAGE = YES_ERROR;
				CLANG_WARN_DOCUMENTATION_COMMENTS = YES;
				CLANG_WARN_EMPTY_BODY = YES;
				CLANG_WARN_ENUM_CONVERSION = YES;
				CLANG_WARN_INFINITE_RECURSION = YES;
				CLANG_WARN_INT_CONVERSION = YES;
				CLANG_WARN_NON_LITERAL_NULL_CONVERSION = YES;
				CLANG_WARN_OBJC_IMPLICIT_RETAIN_SELF = YES;
				CLANG_WARN_OBJC_LITERAL_CONVERSION = YES;
				CLANG_WARN_OBJC_ROOT_CLASS = YES_ERROR;
				CLANG_WARN_QUOTED_INCLUDE_IN_FRAMEWORK_HEADER = YES;
				CLANG_WARN_RANGE_LOOP_ANALYSIS = YES;
				CLANG_WARN_STRICT_PROTOTYPES = YES;
				CLANG_WARN_SUSPICIOUS_MOVE = YES;
				CLANG_WARN_UNGUARDED_AVAILABILITY = YES_AGGRESSIVE;
				CLANG_WARN_UNREACHABLE_CODE = YES;
				CLANG_WARN__DUPLICATE_METHOD_MATCH = YES;
				COPY_PHASE_STRIP = NO;
				DEBUG_INFORMATION_FORMAT = "dwarf-with-dsym";
				ENABLE_NS_ASSERTIONS = NO;
				ENABLE_STRICT_OBJC_MSGSEND = YES;
				GCC_C_LANGUAGE_STANDARD = gnu11;
				GCC_NO_COMMON_BLOCKS = YES;
				GCC_WARN_64_TO_32_BIT_CONVERSION = YES;
				GCC_WARN_ABOUT_RETURN_TYPE = YES_ERROR;
				GCC_WARN_UNDECLARED_SELECTOR = YES;
				GCC_WARN_UNINITIALIZED_AUTOS = YES_AGGRESSIVE;
				GCC_WARN_UNUSED_FUNCTION = YES;
				GCC_WARN_UNUSED_VARIABLE = YES;
				MACOSX_DEPLOYMENT_TARGET = 12.3;
				MTL_ENABLE_DEBUG_INFO = NO;
				MTL_FAST_MATH = YES;
				SDKROOT = macosx;
			};
			name = Release;
		};
		1703BFB7292C20DB00A9A24D /* Debug */ = {
			isa = XCBuildConfiguration;
			buildSettings = {
				CODE_SIGN_STYLE = Automatic;
				COMBINE_HIDPI_IMAGES = YES;
				CURRENT_PROJECT_VERSION = 1;
				DEPLOYMENT_LOCATION = YES;
				DEVELOPMENT_TEAM = PZD8TPH82M;
				DSTROOT = "$(USER_LIBRARY_DIR)/Application Support/Glyphs 4/Plugins";
				FRAMEWORK_SEARCH_PATHS = "$(SYSTEM_APPS_DIR)/Glyphs\\ 3.app/Contents/Frameworks";
				GENERATE_INFOPLIST_FILE = YES;
				INFOPLIST_KEY_NSHumanReadableCopyright = "Copyright 2021 Florian Pircher";
				INFOPLIST_KEY_NSPrincipalClass = ANANReporter;
				INSTALL_PATH = /;
				MACOSX_DEPLOYMENT_TARGET = 10.11;
				MARKETING_VERSION = 1.0;
				PRODUCT_BUNDLE_IDENTIFIER = "com.formkunft.Anchor-Annotations";
				PRODUCT_NAME = "$(TARGET_NAME)";
				SKIP_INSTALL = NO;
				SWIFT_EMIT_LOC_STRINGS = YES;
				WRAPPER_EXTENSION = glyphsReporter;
			};
			name = Debug;
		};
		1703BFB8292C20DB00A9A24D /* Release */ = {
			isa = XCBuildConfiguration;
			buildSettings = {
				CODE_SIGN_STYLE = Automatic;
				COMBINE_HIDPI_IMAGES = YES;
				CURRENT_PROJECT_VERSION = 1;
				DEVELOPMENT_TEAM = PZD8TPH82M;
				DSTROOT = .;
				FRAMEWORK_SEARCH_PATHS = "$(SYSTEM_APPS_DIR)/Glyphs\\ 3.app/Contents/Frameworks";
				GENERATE_INFOPLIST_FILE = YES;
				INFOPLIST_KEY_NSHumanReadableCopyright = "Copyright 2021 Florian Pircher";
				INFOPLIST_KEY_NSPrincipalClass = ANANReporter;
				INSTALL_PATH = /;
				MACOSX_DEPLOYMENT_TARGET = 10.11;
				MARKETING_VERSION = 1.0;
				PRODUCT_BUNDLE_IDENTIFIER = "com.formkunft.Anchor-Annotations";
				PRODUCT_NAME = "$(TARGET_NAME)";
				SKIP_INSTALL = NO;
				SWIFT_EMIT_LOC_STRINGS = YES;
				WRAPPER_EXTENSION = glyphsReporter;
			};
			name = Release;
		};
/* End XCBuildConfiguration section */

/* Begin XCConfigurationList section */
		1703BFAD292C20DB00A9A24D /* Build configuration list for PBXProject "Anchor Annotations" */ = {
			isa = XCConfigurationList;
			buildConfigurations = (
				1703BFB4292C20DB00A9A24D /* Debug */,
				1703BFB5292C20DB00A9A24D /* Release */,
			);
			defaultConfigurationIsVisible = 0;
			defaultConfigurationName = Release;
		};
		1703BFB6292C20DB00A9A24D /* Build configuration list for PBXNativeTarget "Anchor Annotations" */ = {
			isa = XCConfigurationList;
			buildConfigurations = (
				1703BFB7292C20DB00A9A24D /* Debug */,
				1703BFB8292C20DB00A9A24D /* Release */,
			);
			defaultConfigurationIsVisible = 0;
			defaultConfigurationName = Release;
		};
/* End XCConfigurationList section */
	};
	rootObject = 1703BFAA292C20DB00A9A24D /* Project object */;
}
